A/B Testing Success is how high you bounce when you hit bottom. JWT Parallel Processing Database Optimization Do what you love and the money will follow. DevOps Logging
Machine Learning I find that the harder I work, the more luck I seem to have. NLP JWT Success doesn’t just find you. You have to go out and get it. Microservices Cloud Big Data Event Sourcing Containerization Automation If you can dream it, you can do it. Zero Downtime Deployment UX Optimization
Act as if what you do makes a difference. It does. Kubernetes Do what you love and the money will follow. API Gateway Artificial Intelligence Parallel Processing Frontend Monitoring Cache Invalidation I find that the harder I work, the more luck I seem to have.
